// !$*UTF8*$!
{
	archiveVersion = 1;
	classes = {
	};
	objectVersion = 55;
	objects = {

/* Begin PBXBuildFile section */
		264D9CFA286AB6D200231C32 /* AppDelegate.swift in Sources */ = {isa = PBXBuildFile; fileRef = 264D9CF9286AB6D200231C32 /* AppDelegate.swift */; };
		264D9CFC286AB6D200231C32 /* SceneDelegate.swift in Sources */ = {isa = PBXBuildFile; fileRef = 264D9CFB286AB6D200231C32 /* SceneDelegate.swift */; };
		264D9CFE286AB6D200231C32 /* ViewController.swift in Sources */ = {isa = PBXBuildFile; fileRef = 264D9CFD286AB6D200231C32 /* ViewController.swift */; };
		264D9D01286AB6D200231C32 /* Main.storyboard in Resources */ = {isa = PBXBuildFile; fileRef = 264D9CFF286AB6D200231C32 /* Main.storyboard */; };
		264D9D03286AB6D800231C32 /* Assets.xcassets in Resources */ = {isa = PBXBuildFile; fileRef = 264D9D02286AB6D800231C32 /* Assets.xcassets */; };
		264D9D06286AB6D800231C32 /* LaunchScreen.storyboard in Resources */ = {isa = PBXBuildFile; fileRef = 264D9D04286AB6D800231C32 /* LaunchScreen.storyboard */; };
		264D9D11286AB6D900231C32 /* LocationTrackerTests.swift in Sources */ = {isa = PBXBuildFile; fileRef = 264D9D10286AB6D900231C32 /* LocationTrackerTests.swift */; };
		264D9D1B286AB6D900231C32 /* LocationTrackerUITests.swift in Sources */ = {isa = PBXBuildFile; fileRef = 264D9D1A286AB6D900231C32 /* LocationTrackerUITests.swift */; };
		264D9D1D286AB6D900231C32 /* LocationTrackerUITestsLaunchTests.swift in Sources */ = {isa = PBXBuildFile; fileRef = 264D9D1C286AB6D900231C32 /* LocationTrackerUITestsLaunchTests.swift */; };
/* End PBXBuildFile section */

/* Begin PBXContainerItemProxy section */
		264D9D0D286AB6D900231C32 /* PBXContainerItemProxy */ = {
			isa = PBXContainerItemProxy;
			containerPortal = 264D9CEE286AB6D200231C32 /* Project object */;
			proxyType = 1;
			remoteGlobalIDString = 264D9CF5286AB6D200231C32;
			remoteInfo = LocationTracker;
		};
		264D9D17286AB6D900231C32 /* PBXContainerItemProxy */ = {
			isa = PBXContainerItemProxy;
			containerPortal = 264D9CEE286AB6D200231C32 /* Project object */;
			proxyType = 1;
			remoteGlobalIDString = 264D9CF5286AB6D200231C32;
			remoteInfo = LocationTracker;
		};
/* End PBXContainerItemProxy section */

/* Begin PBXFileReference section */
		264D9CF6286AB6D200231C32 /* LocationTracker.app */ = {isa = PBXFileReference; explicitFileType = wrapper.application; includeInIndex = 0; path = LocationTracker.app; sourceTree = BUILT_PRODUCTS_DIR; };
		264D9CF9286AB6D200231C32 /* AppDelegate.swift */ = {isa = PBXFileReference; lastKnownFileType = sourcecode.swift; path = AppDelegate.swift; sourceTree = "<group>"; };
		264D9CFB286AB6D200231C32 /* SceneDelegate.swift */ = {isa = PBXFileReference; lastKnownFileType = sourcecode.swift; path = SceneDelegate.swift; sourceTree = "<group>"; };
		264D9CFD286AB6D200231C32 /* ViewController.swift */ = {isa = PBXFileReference; lastKnownFileType = sourcecode.swift; path = ViewController.swift; sourceTree = "<group>"; };
		264D9D00286AB6D200231C32 /* Base */ = {isa = PBXFileReference; lastKnownFileType = file.storyboard; name = Base; path = Base.lproj/Main.storyboard; sourceTree = "<group>"; };
		264D9D02286AB6D800231C32 /* Assets.xcassets */ = {isa = PBXFileReference; lastKnownFileType = folder.assetcatalog; path = Assets.xcassets; sourceTree = "<group>"; };
		264D9D05286AB6D800231C32 /* Base */ = {isa = PBXFileReference; lastKnownFileType = file.storyboard; name = Base; path = Base.lproj/LaunchScreen.storyboard; sourceTree = "<group>"; };
		264D9D07286AB6D800231C32 /* Info.plist */ = {isa = PBXFileReference; lastKnownFileType = text.plist.xml; path = Info.plist; sourceTree = "<group>"; };
		264D9D0C286AB6D900231C32 /* LocationTrackerTests.xctest */ = {isa = PBXFileReference; explicitFileType = wrapper.cfbundle; includeInIndex = 0; path = LocationTrackerTests.xctest; sourceTree = BUILT_PRODUCTS_DIR; };
		264D9D10286AB6D900231C32 /* LocationTrackerTests.swift */ = {isa = PBXFileReference; lastKnownFileType = sourcecode.swift; path = LocationTrackerTests.swift; sourceTree = "<group>"; };
		264D9D16286AB6D900231C32 /* LocationTrackerUITests.xctest */ = {isa = PBXFileReference; explicitFileType = wrapper.cfbundle; includeInIndex = 0; path = LocationTrackerUITests.xctest; sourceTree = BUILT_PRODUCTS_DIR; };
		264D9D1A286AB6D900231C32 /* LocationTrackerUITests.swift */ = {isa = PBXFileReference; lastKnownFileType = sourcecode.swift; path = LocationTrackerUITests.swift; sourceTree = "<group>"; };
		264D9D1C286AB6D900231C32 /* LocationTrackerUITestsLaunchTests.swift */ = {isa = PBXFileReference; lastKnownFileType = sourcecode.swift; path = LocationTrackerUITestsLaunchTests.swift; sourceTree = "<group>"; };
/* End PBXFileReference section */

/* Begin PBXFrameworksBuildPhase section */
		264D9CF3286AB6D200231C32 /* Frameworks */ = {
			isa = PBXFrameworksBuildPhase;
			buildActionMask = 2147483647;
			files = (
			);
			runOnlyForDeploymentPostprocessing = 0;
		};
		264D9D09286AB6D900231C32 /* Frameworks */ = {
			isa = PBXFrameworksBuildPhase;
			buildActionMask = 2147483647;
			files = (
			);
			runOnlyForDeploymentPostprocessing = 0;
		};
		264D9D13286AB6D900231C32 /* Frameworks */ = {
			isa = PBXFrameworksBuildPhase;
			buildActionMask = 2147483647;
			files = (
			);
			runOnlyForDeploymentPostprocessing = 0;
		};
/* End PBXFrameworksBuildPhase section */

/* Begin PBXGroup section */
		264D9CED286AB6D200231C32 = {
			isa = PBXGroup;
			children = (
				264D9CF8286AB6D200231C32 /* LocationTracker */,
				264D9D0F286AB6D900231C32 /* LocationTrackerTests */,
				264D9D19286AB6D900231C32 /* LocationTrackerUITests */,
				264D9CF7286AB6D200231C32 /* Products */,
			);
			sourceTree = "<group>";
		};
		264D9CF7286AB6D200231C32 /* Products */ = {
			isa = PBXGroup;
			children = (
				264D9CF6286AB6D200231C32 /* LocationTracker.app */,
				264D9D0C286AB6D900231C32 /* LocationTrackerTests.xctest */,
				264D9D16286AB6D900231C32 /* LocationTrackerUITests.xctest */,
			);
			name = Products;
			sourceTree = "<group>";
		};
		264D9CF8286AB6D200231C32 /* LocationTracker */ = {
			isa = PBXGroup;
			children = (
				264D9CF9286AB6D200231C32 /* AppDelegate.swift */,
				264D9CFB286AB6D200231C32 /* SceneDelegate.swift */,
				264D9CFD286AB6D200231C32 /* ViewController.swift */,
				264D9CFF286AB6D200231C32 /* Main.storyboard */,
				264D9D02286AB6D800231C32 /* Assets.xcassets */,
				264D9D04286AB6D800231C32 /* LaunchScreen.storyboard */,
				264D9D07286AB6D800231C32 /* Info.plist */,
			);
			path = LocationTracker;
			sourceTree = "<group>";
		};
		264D9D0F286AB6D900231C32 /* LocationTrackerTests */ = {
			isa = PBXGroup;
			children = (
				264D9D10286AB6D900231C32 /* LocationTrackerTests.swift */,
			);
			path = LocationTrackerTests;
			sourceTree = "<group>";
		};
		264D9D19286AB6D900231C32 /* LocationTrackerUITests */ = {
			isa = PBXGroup;
			children = (
				264D9D1A286AB6D900231C32 /* LocationTrackerUITests.swift */,
				264D9D1C286AB6D900231C32 /* LocationTrackerUITestsLaunchTests.swift */,
			);
			path = LocationTrackerUITests;
			sourceTree = "<group>";
		};
/* End PBXGroup section */

/* Begin PBXNativeTarget section */
		264D9CF5286AB6D200231C32 /* LocationTracker */ = {
			isa = PBXNativeTarget;
			buildConfigurationList = 264D9D20286AB6D900231C32 /* Build configuration list for PBXNativeTarget "LocationTracker" */;
			buildPhases = (
				264D9CF2286AB6D200231C32 /* Sources */,
				264D9CF3286AB6D200231C32 /* Frameworks */,
				264D9CF4286AB6D200231C32 /* Resources */,
			);
			buildRules = (
			);
			dependencies = (
			);
			name = LocationTracker;
			productName = LocationTracker;
			productReference = 264D9CF6286AB6D200231C32 /* LocationTracker.app */;
			productType = "com.apple.product-type.application";
		};
		264D9D0B286AB6D900231C32 /* LocationTrackerTests */ = {
			isa = PBXNativeTarget;
			buildConfigurationList = 264D9D23286AB6D900231C32 /* Build configuration list for PBXNativeTarget "LocationTrackerTests" */;
			buildPhases = (
				264D9D08286AB6D900231C32 /* Sources */,
				264D9D09286AB6D900231C32 /* Frameworks */,
				264D9D0A286AB6D900231C32 /* Resources */,
			);
			buildRules = (
			);
			dependencies = (
				264D9D0E286AB6D900231C32 /* PBXTargetDependency */,
			);
			name = LocationTrackerTests;
			productName = LocationTrackerTests;
			productReference = 264D9D0C286AB6D900231C32 /* LocationTrackerTests.xctest */;
			productType = "com.apple.product-type.bundle.unit-test";
		};
		264D9D15286AB6D900231C32 /* LocationTrackerUITests */ = {
			isa = PBXNativeTarget;
			buildConfigurationList = 264D9D26286AB6D900231C32 /* Build configuration list for PBXNativeTarget "LocationTrackerUITests" */;
			buildPhases = (
				264D9D12286AB6D900231C32 /* Sources */,
				264D9D13286AB6D900231C32 /* Frameworks */,
				264D9D14286AB6D900231C32 /* Resources */,
			);
			buildRules = (
			);
			dependencies = (
				264D9D18286AB6D900231C32 /* PBXTargetDependency */,
			);
			name = LocationTrackerUITests;
			productName = LocationTrackerUITests;
			productReference = 264D9D16286AB6D900231C32 /* LocationTrackerUITests.xctest */;
			productType = "com.apple.product-type.bundle.ui-testing";
		};
/* End PBXNativeTarget section */

/* Begin PBXProject section */
		264D9CEE286AB6D200231C32 /* Project object */ = {
			isa = PBXProject;
			attributes = {
				BuildIndependentTargetsInParallel = 1;
				LastSwiftUpdateCheck = 1340;
				LastUpgradeCheck = 1340;
				TargetAttributes = {
					264D9CF5286AB6D200231C32 = {
						CreatedOnToolsVersion = 13.4.1;
					};
					264D9D0B286AB6D900231C32 = {
						CreatedOnToolsVersion = 13.4.1;
						TestTargetID = 264D9CF5286AB6D200231C32;
					};
					264D9D15286AB6D900231C32 = {
						CreatedOnToolsVersion = 13.4.1;
						TestTargetID = 264D9CF5286AB6D200231C32;
					};
				};
			};
			buildConfigurationList = 264D9CF1286AB6D200231C32 /* Build configuration list for PBXProject "LocationTracker" */;
			compatibilityVersion = "Xcode 13.0";
			developmentRegion = en;
			hasScannedForEncodings = 0;
			knownRegions = (
				en,
				Base,
			);
			mainGroup = 264D9CED286AB6D200231C32;
			productRefGroup = 264D9CF7286AB6D200231C32 /* Products */;
			projectDirPath = "";
			projectRoot = "";
			targets = (
				264D9CF5286AB6D200231C32 /* LocationTracker */,
				264D9D0B286AB6D900231C32 /* LocationTrackerTests */,
				264D9D15286AB6D900231C32 /* LocationTrackerUITests */,
			);
		};
/* End PBXProject section */

/* Begin PBXResourcesBuildPhase section */
		264D9CF4286AB6D200231C32 /* Resources */ = {
			isa = PBXResourcesBuildPhase;
			buildActionMask = 2147483647;
			files = (
				264D9D06286AB6D800231C32 /* LaunchScreen.storyboard in Resources */,
				264D9D03286AB6D800231C32 /* Assets.xcassets in Resources */,
				264D9D01286AB6D200231C32 /* Main.storyboard in Resources */,
			);
			runOnlyForDeploymentPostprocessing = 0;
		};
		264D9D0A286AB6D900231C32 /* Resources */ = {
			isa = PBXResourcesBuildPhase;
			buildActionMask = 2147483647;
			files = (
			);
			runOnlyForDeploymentPostprocessing = 0;
		};
		264D9D14286AB6D900231C32 /* Resources */ = {
			isa = PBXResourcesBuildPhase;
			buildActionMask = 2147483647;
			files = (
			);
			runOnlyForDeploymentPostprocessing = 0;
		};
/* End PBXResourcesBuildPhase section */

/* Begin PBXSourcesBuildPhase section */
		264D9CF2286AB6D200231C32 /* Sources */ = {
			isa = PBXSourcesBuildPhase;
			buildActionMask = 2147483647;
			files = (
				264D9CFE286AB6D200231C32 /* ViewController.swift in Sources */,
				264D9CFA286AB6D200231C32 /* AppDelegate.swift in Sources */,
				264D9CFC286AB6D200231C32 /* SceneDelegate.swift in Sources */,
			);
			runOnlyForDeploymentPostprocessing = 0;
		};
		264D9D08286AB6D900231C32 /* Sources */ = {
			isa = PBXSourcesBuildPhase;
			buildActionMask = 2147483647;
			files = (
				264D9D11286AB6D900231C32 /* LocationTrackerTests.swift in Sources */,
			);
			runOnlyForDeploymentPostprocessing = 0;
		};
		264D9D12286AB6D900231C32 /* Sources */ = {
			isa = PBXSourcesBuildPhase;
			buildActionMask = 2147483647;
			files = (
				264D9D1D286AB6D900231C32 /* LocationTrackerUITestsLaunchTests.swift in Sources */,
				264D9D1B286AB6D900231C32 /* LocationTrackerUITests.swift in Sources */,
			);
			runOnlyForDeploymentPostprocessing = 0;
		};
/* End PBXSourcesBuildPhase section */

/* Begin PBXTargetDependency section */
		264D9D0E286AB6D900231C32 /* PBXTargetDependency */ = {
			isa = PBXTargetDependency;
			target = 264D9CF5286AB6D200231C32 /* LocationTracker */;
			targetProxy = 264D9D0D286AB6D900231C32 /* PBXContainerItemProxy */;
		};
		264D9D18286AB6D900231C32 /* PBXTargetDependency */ = {
			isa = PBXTargetDependency;
			target = 264D9CF5286AB6D200231C32 /* LocationTracker */;
			targetProxy = 264D9D17286AB6D900231C32 /* PBXContainerItemProxy */;
		};
/* End PBXTargetDependency section */

/* Begin PBXVariantGroup section */
		264D9CFF286AB6D200231C32 /* Main.storyboard */ = {
			isa = PBXVariantGroup;
			children = (
				264D9D00286AB6D200231C32 /* Base */,
			);
			name = Main.storyboard;
			sourceTree = "<group>";
		};
		264D9D04286AB6D800231C32 /* LaunchScreen.storyboard */ = {
			isa = PBXVariantGroup;
			children = (
				264D9D05286AB6D800231C32 /* Base */,
			);
			name = LaunchScreen.storyboard;
			sourceTree = "<group>";
		};
/* End PBXVariantGroup section */

/* Begin XCBuildConfiguration section */
		264D9D1E286AB6D900231C32 /* Debug */ = {
			isa = XCBuildConfiguration;
			buildSettings = {
				ALWAYS_SEARCH_USER_PATHS = NO;
				CLANG_ANALYZER_NONNULL = YES;
				CLANG_ANALYZER_NUMBER_OBJECT_CONVERSION = YES_AGGRESSIVE;
				CLANG_CXX_LANGUAGE_STANDARD = "gnu++17";
				CLANG_ENABLE_MODULES = YES;
				CLANG_ENABLE_OBJC_ARC = YES;
				CLANG_ENABLE_OBJC_WEAK = YES;
				CLANG_WARN_BLOCK_CAPTURE_AUTORELEASING = YES;
				CLANG_WARN_BOOL_CONVERSION = YES;
				CLANG_WARN_COMMA = YES;
				CLANG_WARN_CONSTANT_CONVERSION = YES;
				CLANG_WARN_DEPRECATED_OBJC_IMPLEMENTATIONS = YES;
				CLANG_WARN_DIRECT_OBJC_ISA_USAGE = YES_ERROR;
				CLANG_WARN_DOCUMENTATION_COMMENTS = YES;
				CLANG_WARN_EMPTY_BODY = YES;
				CLANG_WARN_ENUM_CONVERSION = YES;
				CLANG_WARN_INFINITE_RECURSION = YES;
				CLANG_WARN_INT_CONVERSION = YES;
				CLANG_WARN_NON_LITERAL_NULL_CONVERSION = YES;
				CLANG_WARN_OBJC_IMPLICIT_RETAIN_SELF = YES;
				CLANG_WARN_OBJC_LITERAL_CONVERSION = YES;
				CLANG_WARN_OBJC_ROOT_CLASS = YES_ERROR;
				CLANG_WARN_QUOTED_INCLUDE_IN_FRAMEWORK_HEADER = YES;
				CLANG_WARN_RANGE_LOOP_ANALYSIS = YES;
				CLANG_WARN_STRICT_PROTOTYPES = YES;
				CLANG_WARN_SUSPICIOUS_MOVE = YES;
				CLANG_WARN_UNGUARDED_AVAILABILITY = YES_AGGRESSIVE;
				CLANG_WARN_UNREACHABLE_CODE = YES;
				CLANG_WARN__DUPLICATE_METHOD_MATCH = YES;
				COPY_PHASE_STRIP = NO;
				DEBUG_INFORMATION_FORMAT = dwarf;
				ENABLE_STRICT_OBJC_MSGSEND = YES;
				ENABLE_TESTABILITY = YES;
				GCC_C_LANGUAGE_STANDARD = gnu11;
				GCC_DYNAMIC_NO_PIC = NO;
				GCC_NO_COMMON_BLOCKS = YES;
				GCC_OPTIMIZATION_LEVEL = 0;
				GCC_PREPROCESSOR_DEFINITIONS = (
					"DEBUG=1",
					"$(inherited)",
				);
				GCC_WARN_64_TO_32_BIT_CONVERSION = YES;
				GCC_WARN_ABOUT_RETURN_TYPE = YES_ERROR;
				GCC_WARN_UNDECLARED_SELECTOR = YES;
				GCC_WARN_UNINITIALIZED_AUTOS = YES_AGGRESSIVE;
				GCC_WARN_UNUSED_FUNCTION = YES;
				GCC_WARN_UNUSED_VARIABLE = YES;
				IPHONEOS_DEPLOYMENT_TARGET = 15.5;
				MTL_ENABLE_DEBUG_INFO = INCLUDE_SOURCE;
				MTL_FAST_MATH = YES;
				ONLY_ACTIVE_ARCH = YES;
				SDKROOT = iphoneos;
				SWIFT_ACTIVE_COMPILATION_CONDITIONS = DEBUG;
				SWIFT_OPTIMIZATION_LEVEL = "-Onone";
			};
			name = Debug;
		};
		264D9D1F286AB6D900231C32 /* Release */ = {
			isa = XCBuildConfiguration;
			buildSettings = {
				ALWAYS_SEARCH_USER_PATHS = NO;
				CLANG_ANALYZER_NONNULL = YES;
				CLANG_ANALYZER_NUMBER_OBJECT_CONVERSION = YES_AGGRESSIVE;
				CLANG_CXX_LANGUAGE_STANDARD = "gnu++17";
				CLANG_ENABLE_MODULES = YES;
				CLANG_ENABLE_OBJC_ARC = YES;
				CLANG_ENABLE_OBJC_WEAK = YES;
				CLANG_WARN_BLOCK_CAPTURE_AUTORELEASING = YES;
				CLANG_WARN_BOOL_CONVERSION = YES;
				CLANG_WARN_COMMA = YES;
				CLANG_WARN_CONSTANT_CONVERSION = YES;
				CLANG_WARN_DEPRECATED_OBJC_IMPLEMENTATIONS = YES;
				CLANG_WARN_DIRECT_OBJC_ISA_USAGE = YES_ERROR;
				CLANG_WARN_DOCUMENTATION_COMMENTS = YES;
				CLANG_WARN_EMPTY_BODY = YES;
				CLANG_WARN_ENUM_CONVERSION = YES;
				CLANG_WARN_INFINITE_RECURSION = YES;
				CLANG_WARN_INT_CONVERSION = YES;
				CLANG_WARN_NON_LITERAL_NULL_CONVERSION = YES;
				CLANG_WARN_OBJC_IMPLICIT_RETAIN_SELF = YES;
				CLANG_WARN_OBJC_LITERAL_CONVERSION = YES;
				CLANG_WARN_OBJC_ROOT_CLASS = YES_ERROR;
				CLANG_WARN_QUOTED_INCLUDE_IN_FRAMEWORK_HEADER = YES;
				CLANG_WARN_RANGE_LOOP_ANALYSIS = YES;
				CLANG_WARN_STRICT_PROTOTYPES = YES;
				CLANG_WARN_SUSPICIOUS_MOVE = YES;
				CLANG_WARN_UNGUARDED_AVAILABILITY = YES_AGGRESSIVE;
				CLANG_WARN_UNREACHABLE_CODE = YES;
				CLANG_WARN__DUPLICATE_METHOD_MATCH = YES;
				COPY_PHASE_STRIP = NO;
				DEBUG_INFORMATION_FORMAT = "dwarf-with-dsym";
				ENABLE_NS_ASSERTIONS = NO;
				ENABLE_STRICT_OBJC_MSGSEND = YES;
				GCC_C_LANGUAGE_STANDARD = gnu11;
				GCC_NO_COMMON_BLOCKS = YES;
				GCC_WARN_64_TO_32_BIT_CONVERSION = YES;
				GCC_WARN_ABOUT_RETURN_TYPE = YES_ERROR;
				GCC_WARN_UNDECLARED_SELECTOR = YES;
				GCC_WARN_UNINITIALIZED_AUTOS = YES_AGGRESSIVE;
				GCC_WARN_UNUSED_FUNCTION = YES;
				GCC_WARN_UNUSED_VARIABLE = YES;
				IPHONEOS_DEPLOYMENT_TARGET = 15.5;
				MTL_ENABLE_DEBUG_INFO = NO;
				MTL_FAST_MATH = YES;
				SDKROOT = iphoneos;
				SWIFT_COMPILATION_MODE = wholemodule;
				SWIFT_OPTIMIZATION_LEVEL = "-O";
				VALIDATE_PRODUCT = YES;
			};
			name = Release;
		};
		264D9D21286AB6D900231C32 /* Debug */ = {
			isa = XCBuildConfiguration;
			buildSettings = {
				ASSETCATALOG_COMPILER_APPICON_NAME = AppIcon;
				ASSETCATALOG_COMPILER_GLOBAL_ACCENT_COLOR_NAME = AccentColor;
				CODE_SIGN_STYLE = Automatic;
				CURRENT_PROJECT_VERSION = 1;
				DEVELOPMENT_TEAM = 24F49GJGR4;
				GENERATE_INFOPLIST_FILE = YES;
				INFOPLIST_FILE = LocationTracker/Info.plist;
				INFOPLIST_KEY_UIApplicationSupportsIndirectInputEvents = YES;
				INFOPLIST_KEY_UILaunchStoryboardName = LaunchScreen;
				INFOPLIST_KEY_UIMainStoryboardFile = Main;
				INFOPLIST_KEY_UISupportedInterfaceOrientations_iPad = "UIInterfaceOrientationPortrait UIInterfaceOrientationPortraitUpsideDown UIInterfaceOrientationLandscapeLeft UIInterfaceOrientationLandscapeRight";
				INFOPLIST_KEY_UISupportedInterfaceOrientations_iPhone = "UIInterfaceOrientationPortrait UIInterfaceOrientationLandscapeLeft UIInterfaceOrientationLandscapeRight";
				LD_RUNPATH_SEARCH_PATHS = (
					"$(inherited)",
					"@executable_path/Frameworks",
				);
				MARKETING_VERSION = 1.0;
				PRODUCT_BUNDLE_IDENTIFIER = yan.LocationTracker;
				PRODUCT_NAME = "$(TARGET_NAME)";
				SWIFT_EMIT_LOC_STRINGS = YES;
				SWIFT_VERSION = 5.0;
				TARGETED_DEVICE_FAMILY = "1,2";
			};
			name = Debug;
		};
		264D9D22286AB6D900231C32 /* Release */ = {
			isa = XCBuildConfiguration;
			buildSettings = {
				ASSETCATALOG_COMPILER_APPICON_NAME = AppIcon;
				ASSETCATALOG_COMPILER_GLOBAL_ACCENT_COLOR_NAME = AccentColor;
				CODE_SIGN_STYLE = Automatic;
				CURRENT_PROJECT_VERSION = 1;
				DEVELOPMENT_TEAM = 24F49GJGR4;
				GENERATE_INFOPLIST_FILE = YES;
				INFOPLIST_FILE = LocationTracker/Info.plist;
				INFOPLIST_KEY_UIApplicationSupportsIndirectInputEvents = YES;
				INFOPLIST_KEY_UILaunchStoryboardName = LaunchScreen;
				INFOPLIST_KEY_UIMainStoryboardFile = Main;
				INFOPLIST_KEY_UISupportedInterfaceOrientations_iPad = "UIInterfaceOrientationPortrait UIInterfaceOrientationPortraitUpsideDown UIInterfaceOrientationLandscapeLeft UIInterfaceOrientationLandscapeRight";
				INFOPLIST_KEY_UISupportedInterfaceOrientations_iPhone = "UIInterfaceOrientationPortrait UIInterfaceOrientationLandscapeLeft UIInterfaceOrientationLandscapeRight";
				LD_RUNPATH_SEARCH_PATHS = (
					"$(inherited)",
					"@executable_path/Frameworks",
				);
				MARKETING_VERSION = 1.0;
				PRODUCT_BUNDLE_IDENTIFIER = yan.LocationTracker;
				PRODUCT_NAME = "$(TARGET_NAME)";
				SWIFT_EMIT_LOC_STRINGS = YES;
				SWIFT_VERSION = 5.0;
				TARGETED_DEVICE_FAMILY = "1,2";
			};
			name = Release;
		};
		264D9D24286AB6D900231C32 /* Debug */ = {
			isa = XCBuildConfiguration;
			buildSettings = {
				ALWAYS_EMBED_SWIFT_STANDARD_LIBRARIES = YES;
				BUNDLE_LOADER = "$(TEST_HOST)";
				CODE_SIGN_STYLE = Automatic;
				CURRENT_PROJECT_VERSION = 1;
				DEVELOPMENT_TEAM = 24F49GJGR4;
				GENERATE_INFOPLIST_FILE = YES;
				IPHONEOS_DEPLOYMENT_TARGET = 15.5;
				MARKETING_VERSION = 1.0;
				PRODUCT_BUNDLE_IDENTIFIER = yan.LocationTrackerTests;
				PRODUCT_NAME = "$(TARGET_NAME)";
				SWIFT_EMIT_LOC_STRINGS = NO;
				SWIFT_VERSION = 5.0;
				TARGETED_DEVICE_FAMILY = "1,2";
				TEST_HOST = "$(BUILT_PRODUCTS_DIR)/LocationTracker.app/LocationTracker";
			};
			name = Debug;
		};
		264D9D25286AB6D900231C32 /* Release */ = {
			isa = XCBuildConfiguration;
			buildSettings = {
				ALWAYS_EMBED_SWIFT_STANDARD_LIBRARIES = YES;
				BUNDLE_LOADER = "$(TEST_HOST)";
				CODE_SIGN_STYLE = Automatic;
				CURRENT_PROJECT_VERSION = 1;
				DEVELOPMENT_TEAM = 24F49GJGR4;
				GENERATE_INFOPLIST_FILE = YES;
				IPHONEOS_DEPLOYMENT_TARGET = 15.5;
				MARKETING_VERSION = 1.0;
				PRODUCT_BUNDLE_IDENTIFIER = yan.LocationTrackerTests;
				PRODUCT_NAME = "$(TARGET_NAME)";
				SWIFT_EMIT_LOC_STRINGS = NO;
				SWIFT_VERSION = 5.0;
				TARGETED_DEVICE_FAMILY = "1,2";
				TEST_HOST = "$(BUILT_PRODUCTS_DIR)/LocationTracker.app/LocationTracker";
			};
			name = Release;
		};
		264D9D27286AB6D900231C32 /* Debug */ = {
			isa = XCBuildConfiguration;
			buildSettings = {
				ALWAYS_EMBED_SWIFT_STANDARD_LIBRARIES = YES;
				CODE_SIGN_STYLE = Automatic;
				CURRENT_PROJECT_VERSION = 1;
				DEVELOPMENT_TEAM = 24F49GJGR4;
				GENERATE_INFOPLIST_FILE = YES;
				MARKETING_VERSION = 1.0;
				PRODUCT_BUNDLE_IDENTIFIER = yan.LocationTrackerUITests;
				PRODUCT_NAME = "$(TARGET_NAME)";
				SWIFT_EMIT_LOC_STRINGS = NO;
				SWIFT_VERSION = 5.0;
				TARGETED_DEVICE_FAMILY = "1,2";
				TEST_TARGET_NAME = LocationTracker;
			};
			name = Debug;
		};
		264D9D28286AB6D900231C32 /* Release */ = {
			isa = XCBuildConfiguration;
			buildSettings = {
				ALWAYS_EMBED_SWIFT_STANDARD_LIBRARIES = YES;
				CODE_SIGN_STYLE = Automatic;
				CURRENT_PROJECT_VERSION = 1;
				DEVELOPMENT_TEAM = 24F49GJGR4;
				GENERATE_INFOPLIST_FILE = YES;
				MARKETING_VERSION = 1.0;
				PRODUCT_BUNDLE_IDENTIFIER = yan.LocationTrackerUITests;
				PRODUCT_NAME = "$(TARGET_NAME)";
				SWIFT_EMIT_LOC_STRINGS = NO;
				SWIFT_VERSION = 5.0;
				TARGETED_DEVICE_FAMILY = "1,2";
				TEST_TARGET_NAME = LocationTracker;
			};
			name = Release;
		};
/* End XCBuildConfiguration section */

/* Begin XCConfigurationList section */
		264D9CF1286AB6D200231C32 /* Build configuration list for PBXProject "LocationTracker" */ = {
			isa = XCConfigurationList;
			buildConfigurations = (
				264D9D1E286AB6D900231C32 /* Debug */,
				264D9D1F286AB6D900231C32 /* Release */,
			);
			defaultConfigurationIsVisible = 0;
			defaultConfigurationName = Release;
		};
		264D9D20286AB6D900231C32 /* Build configuration list for PBXNativeTarget "LocationTracker" */ = {
			isa = XCConfigurationList;
			buildConfigurations = (
				264D9D21286AB6D900231C32 /* Debug */,
				264D9D22286AB6D900231C32 /* Release */,
			);
			defaultConfigurationIsVisible = 0;
			defaultConfigurationName = Release;
		};
		264D9D23286AB6D900231C32 /* Build configuration list for PBXNativeTarget "LocationTrackerTests" */ = {
			isa = XCConfigurationList;
			buildConfigurations = (
				264D9D24286AB6D900231C32 /* Debug */,
				264D9D25286AB6D900231C32 /* Release */,
			);
			defaultConfigurationIsVisible = 0;
			defaultConfigurationName = Release;
		};
		264D9D26286AB6D900231C32 /* Build configuration list for PBXNativeTarget "LocationTrackerUITests" */ = {
			isa = XCConfigurationList;
			buildConfigurations = (
				264D9D27286AB6D900231C32 /* Debug */,
				264D9D28286AB6D900231C32 /* Release */,
			);
			defaultConfigurationIsVisible = 0;
			defaultConfigurationName = Release;
		};
/* End XCConfigurationList section */
	};
	rootObject = 264D9CEE286AB6D200231C32 /* Project object */;
}
